
Microsoft Visual Studio Solution File, Format Version 12.00
# Visual Studio Version 17
VisualStudioVersion = 17.8.34330.188
MinimumVisualStudioVersion = 10.0.40219.1
Project("{FAE04EC0-301F-11D3-BF4B-00C04F79EFBC}") = "EventLogBus.Client", "EventLogBus.Client\EventLogBus.Client.csproj", "{8DBCF705-A3FE-439E-9D81-661BC7348D71}"
EndProject
Project("{FAE04EC0-301F-11D3-BF4B-00C04F79EFBC}") = "EventLogBus.Expose", "EventLogBus.Expose\EventLogBus.Expose.csproj", "{6C1E8074-1E77-4EAF-A307-018DDEB3C8FC}"
EndProject
Project("{FAE04EC0-301F-11D3-BF4B-00C04F79EFBC}") = "Serilog.Sinks.RabbitMQ.Core", "Serilog.Sinks.RabbitMQ.Core\Serilog.Sinks.RabbitMQ.Core.csproj", "{0818E351-B330-456A-9A60-5C592921DE85}"
EndProject
Project("{FAE04EC0-301F-11D3-BF4B-00C04F79EFBC}") = "Serilog.Sinks.RabbitMQ.ClientImplementation", "Serilog.Sinks.RabbitMQ.ClientImplementation\Serilog.Sinks.RabbitMQ.ClientImplementation.csproj", "{32F80D0F-611A-44EF-9515-DC17D3DA675C}"
EndProject
Project("{FAE04EC0-301F-11D3-BF4B-00C04F79EFBC}") = "Serilog.Sinks.RabbitMQ.TransversalConfiguration", "Serilog.Sinks.RabbitMQ.TransversalConfiguration\Serilog.Sinks.RabbitMQ.TransversalConfiguration.csproj", "{302F4AAE-E277-4445-BBE5-3C966C802B48}"
EndProject
Global
	GlobalSection(SolutionConfigurationPlatforms) = preSolution
		Debug|Any CPU = Debug|Any CPU
		Release|Any CPU = Release|Any CPU
	EndGlobalSection
	GlobalSection(ProjectConfigurationPlatforms) = postSolution
		{8DBCF705-A3FE-439E-9D81-661BC7348D71}.Debug|Any CPU.ActiveCfg = Debug|Any CPU
		{8DBCF705-A3FE-439E-9D81-661BC7348D71}.Debug|Any CPU.Build.0 = Debug|Any CPU
		{8DBCF705-A3FE-439E-9D81-661BC7348D71}.Release|Any CPU.ActiveCfg = Release|Any CPU
		{8DBCF705-A3FE-439E-9D81-661BC7348D71}.Release|Any CPU.Build.0 = Release|Any CPU
		{6C1E8074-1E77-4EAF-A307-018DDEB3C8FC}.Debug|Any CPU.ActiveCfg = Debug|Any CPU
		{6C1E8074-1E77-4EAF-A307-018DDEB3C8FC}.Debug|Any CPU.Build.0 = Debug|Any CPU
		{6C1E8074-1E77-4EAF-A307-018DDEB3C8FC}.Release|Any CPU.ActiveCfg = Release|Any CPU
		{6C1E8074-1E77-4EAF-A307-018DDEB3C8FC}.Release|Any CPU.Build.0 = Release|Any CPU
		{0818E351-B330-456A-9A60-5C592921DE85}.Debug|Any CPU.ActiveCfg = Debug|Any CPU
		{0818E351-B330-456A-9A60-5C592921DE85}.Debug|Any CPU.Build.0 = Debug|Any CPU
		{0818E351-B330-456A-9A60-5C592921DE85}.Release|Any CPU.ActiveCfg = Release|Any CPU
		{0818E351-B330-456A-9A60-5C592921DE85}.Release|Any CPU.Build.0 = Release|Any CPU
		{32F80D0F-611A-44EF-9515-DC17D3DA675C}.Debug|Any CPU.ActiveCfg = Debug|Any CPU
		{32F80D0F-611A-44EF-9515-DC17D3DA675C}.Debug|Any CPU.Build.0 = Debug|Any CPU
		{32F80D0F-611A-44EF-9515-DC17D3DA675C}.Release|Any CPU.ActiveCfg = Release|Any CPU
		{32F80D0F-611A-44EF-9515-DC17D3DA675C}.Release|Any CPU.Build.0 = Release|Any CPU
		{302F4AAE-E277-4445-BBE5-3C966C802B48}.Debug|Any CPU.ActiveCfg = Debug|Any CPU
		{302F4AAE-E277-4445-BBE5-3C966C802B48}.Debug|Any CPU.Build.0 = Debug|Any CPU
		{302F4AAE-E277-4445-BBE5-3C966C802B48}.Release|Any CPU.ActiveCfg = Release|Any CPU
		{302F4AAE-E277-4445-BBE5-3C966C802B48}.Release|Any CPU.Build.0 = Release|Any CPU
	EndGlobalSection
	GlobalSection(SolutionProperties) = preSolution
		HideSolutionNode = FALSE
	EndGlobalSection
	GlobalSection(ExtensibilityGlobals) = postSolution
		SolutionGuid = {B1CC2FC1-A22A-4735-9C25-7D0729872040}
	EndGlobalSection
EndGlobal
