
Microsoft Visual Studio Solution File, Format Version 12.00
# Visual Studio Version 17
VisualStudioVersion = 17.8.34330.188
MinimumVisualStudioVersion = 10.0.40219.1
Project("{9A19103F-16F7-4668-BE54-9A1E7A4F7556}") = "Serilog.Sinks.RabbitMQ.Publisher", "Serilog.Sinks.RabbitMQ.Publisher\Serilog.Sinks.RabbitMQ.Publisher.csproj", "{6C1E8074-1E77-4EAF-A307-018DDEB3C8FC}"
EndProject
Project("{9A19103F-16F7-4668-BE54-9A1E7A4F7556}") = "XUnitTest", "XUnitTest\XUnitTest.csproj", "{09D945C7-57BB-4C85-9423-8ECF62A24F5F}"
EndProject
Global
	GlobalSection(SolutionConfigurationPlatforms) = preSolution
		Debug|Any CPU = Debug|Any CPU
		Release|Any CPU = Release|Any CPU
	EndGlobalSection
	GlobalSection(ProjectConfigurationPlatforms) = postSolution
		{6C1E8074-1E77-4EAF-A307-018DDEB3C8FC}.Debug|Any CPU.ActiveCfg = Debug|Any CPU
		{6C1E8074-1E77-4EAF-A307-018DDEB3C8FC}.Debug|Any CPU.Build.0 = Debug|Any CPU
		{6C1E8074-1E77-4EAF-A307-018DDEB3C8FC}.Release|Any CPU.ActiveCfg = Release|Any CPU
		{6C1E8074-1E77-4EAF-A307-018DDEB3C8FC}.Release|Any CPU.Build.0 = Release|Any CPU
		{09D945C7-57BB-4C85-9423-8ECF62A24F5F}.Debug|Any CPU.ActiveCfg = Debug|Any CPU
		{09D945C7-57BB-4C85-9423-8ECF62A24F5F}.Debug|Any CPU.Build.0 = Debug|Any CPU
		{09D945C7-57BB-4C85-9423-8ECF62A24F5F}.Release|Any CPU.ActiveCfg = Release|Any CPU
		{09D945C7-57BB-4C85-9423-8ECF62A24F5F}.Release|Any CPU.Build.0 = Release|Any CPU
	EndGlobalSection
	GlobalSection(SolutionProperties) = preSolution
		HideSolutionNode = FALSE
	EndGlobalSection
	GlobalSection(ExtensibilityGlobals) = postSolution
		SolutionGuid = {B1CC2FC1-A22A-4735-9C25-7D0729872040}
	EndGlobalSection
EndGlobal
